
Microsoft Visual Studio Solution File, Format Version 12.00
# Visual Studio Version 16
VisualStudioVersion = 16.0.31205.134
MinimumVisualStudioVersion = 10.0.40219.1
Project("{FAE04EC0-301F-11D3-BF4B-00C04F79EFBC}") = "RayTracerChallenge", "RayTracerChallenge\RayTracerChallenge.csproj", "{6AE67D4E-2AD4-405C-BED7-06FFBBF07E31}"
EndProject
Project("{FAE04EC0-301F-11D3-BF4B-00C04F79EFBC}") = "Tests", "Tests\Tests.csproj", "{2EABE94E-4008-4D65-9154-72E41DF40DDF}"
EndProject
Project("{FAE04EC0-301F-11D3-BF4B-00C04F79EFBC}") = "Playground", "Playground\Playground.csproj", "{1F50D000-8E56-4399-A5D7-56E61534CEA3}"
EndProject
Global
	GlobalSection(SolutionConfigurationPlatforms) = preSolution
		Debug|Any CPU = Debug|Any CPU
		Release|Any CPU = Release|Any CPU
	EndGlobalSection
	GlobalSection(ProjectConfigurationPlatforms) = postSolution
		{6AE67D4E-2AD4-405C-BED7-06FFBBF07E31}.Debug|Any CPU.ActiveCfg = Debug|Any CPU
		{6AE67D4E-2AD4-405C-BED7-06FFBBF07E31}.Debug|Any CPU.Build.0 = Debug|Any CPU
		{6AE67D4E-2AD4-405C-BED7-06FFBBF07E31}.Release|Any CPU.ActiveCfg = Release|Any CPU
		{6AE67D4E-2AD4-405C-BED7-06FFBBF07E31}.Release|Any CPU.Build.0 = Release|Any CPU
		{2EABE94E-4008-4D65-9154-72E41DF40DDF}.Debug|Any CPU.ActiveCfg = Debug|Any CPU
		{2EABE94E-4008-4D65-9154-72E41DF40DDF}.Debug|Any CPU.Build.0 = Debug|Any CPU
		{2EABE94E-4008-4D65-9154-72E41DF40DDF}.Release|Any CPU.ActiveCfg = Release|Any CPU
		{2EABE94E-4008-4D65-9154-72E41DF40DDF}.Release|Any CPU.Build.0 = Release|Any CPU
		{1F50D000-8E56-4399-A5D7-56E61534CEA3}.Debug|Any CPU.ActiveCfg = Debug|Any CPU
		{1F50D000-8E56-4399-A5D7-56E61534CEA3}.Debug|Any CPU.Build.0 = Debug|Any CPU
		{1F50D000-8E56-4399-A5D7-56E61534CEA3}.Release|Any CPU.ActiveCfg = Release|Any CPU
		{1F50D000-8E56-4399-A5D7-56E61534CEA3}.Release|Any CPU.Build.0 = Release|Any CPU
	EndGlobalSection
	GlobalSection(SolutionProperties) = preSolution
		HideSolutionNode = FALSE
	EndGlobalSection
	GlobalSection(ExtensibilityGlobals) = postSolution
		SolutionGuid = {5E74C1AE-4EB3-49DB-985D-6AFB7429BF91}
	EndGlobalSection
EndGlobal
